
Microsoft Visual Studio Solution File, Format Version 12.00
# Visual Studio 15
VisualStudioVersion = 15.0.27004.2006
MinimumVisualStudioVersion = 10.0.40219.1
Project("{FAE04EC0-301F-11D3-BF4B-00C04F79EFBC}") = "Vista", "Vista\Vista.csproj", "{1E123671-EC56-4254-96EA-4680EA1C4FA0}"
EndProject
Project("{FAE04EC0-301F-11D3-BF4B-00C04F79EFBC}") = "Modelo", "Modelo\Modelo.csproj", "{BB06A0F1-7CCC-4EFD-8950-E8EB0E09D866}"
EndProject
Project("{FAE04EC0-301F-11D3-BF4B-00C04F79EFBC}") = "Controlador", "Controlador\Controlador.csproj", "{49C2E927-B5A9-4E43-B121-45EA69ECF606}"
EndProject
Project("{FAE04EC0-301F-11D3-BF4B-00C04F79EFBC}") = "Entidad", "Entidad\Entidad.csproj", "{74B8F551-C21D-4D1C-B54F-1090759BAB6E}"
EndProject
Global
	GlobalSection(SolutionConfigurationPlatforms) = preSolution
		Debug|Any CPU = Debug|Any CPU
		Release|Any CPU = Release|Any CPU
	EndGlobalSection
	GlobalSection(ProjectConfigurationPlatforms) = postSolution
		{1E123671-EC56-4254-96EA-4680EA1C4FA0}.Debug|Any CPU.ActiveCfg = Debug|Any CPU
		{1E123671-EC56-4254-96EA-4680EA1C4FA0}.Debug|Any CPU.Build.0 = Debug|Any CPU
		{1E123671-EC56-4254-96EA-4680EA1C4FA0}.Release|Any CPU.ActiveCfg = Release|Any CPU
		{1E123671-EC56-4254-96EA-4680EA1C4FA0}.Release|Any CPU.Build.0 = Release|Any CPU
		{BB06A0F1-7CCC-4EFD-8950-E8EB0E09D866}.Debug|Any CPU.ActiveCfg = Debug|Any CPU
		{BB06A0F1-7CCC-4EFD-8950-E8EB0E09D866}.Debug|Any CPU.Build.0 = Debug|Any CPU
		{BB06A0F1-7CCC-4EFD-8950-E8EB0E09D866}.Release|Any CPU.ActiveCfg = Release|Any CPU
		{BB06A0F1-7CCC-4EFD-8950-E8EB0E09D866}.Release|Any CPU.Build.0 = Release|Any CPU
		{49C2E927-B5A9-4E43-B121-45EA69ECF606}.Debug|Any CPU.ActiveCfg = Debug|Any CPU
		{49C2E927-B5A9-4E43-B121-45EA69ECF606}.Debug|Any CPU.Build.0 = Debug|Any CPU
		{49C2E927-B5A9-4E43-B121-45EA69ECF606}.Release|Any CPU.ActiveCfg = Release|Any CPU
		{49C2E927-B5A9-4E43-B121-45EA69ECF606}.Release|Any CPU.Build.0 = Release|Any CPU
		{74B8F551-C21D-4D1C-B54F-1090759BAB6E}.Debug|Any CPU.ActiveCfg = Debug|Any CPU
		{74B8F551-C21D-4D1C-B54F-1090759BAB6E}.Debug|Any CPU.Build.0 = Debug|Any CPU
		{74B8F551-C21D-4D1C-B54F-1090759BAB6E}.Release|Any CPU.ActiveCfg = Release|Any CPU
		{74B8F551-C21D-4D1C-B54F-1090759BAB6E}.Release|Any CPU.Build.0 = Release|Any CPU
	EndGlobalSection
	GlobalSection(SolutionProperties) = preSolution
		HideSolutionNode = FALSE
	EndGlobalSection
	GlobalSection(ExtensibilityGlobals) = postSolution
		SolutionGuid = {BE917A3B-2B0F-412F-B07E-D4DF88BE9763}
	EndGlobalSection
EndGlobal
